<Solution>
  <Project Path="MoreMountains.Tools.csproj" />
  <Project Path="MoreMountains.Tools.Editor.csproj" />
  <Project Path="Lofelt.NiceVibrations.csproj" />
  <Project Path="MIDO.Scatter.Runtime.csproj" />
  <Project Path="ASP.Editor.csproj" />
  <Project Path="MIDO.Scatter.Editor.csproj" />
  <Project Path="MIDO.EIS.Runtime.csproj" />
  <Project Path="ASP.csproj" />
  <Project Path="Assembly-CSharp-firstpass.csproj" />
  <Project Path="LWGUIExtend.csproj" />
  <Project Path="Assembly-CSharp-Editor.csproj" />
  <Project Path="Lofelt.NiceVibrations.Demo.csproj" />
  <Project Path="SpringBoneEditor.csproj" />
  <Project Path="Lofelt.NiceVibrations.Editor.csproj" />
  <Project Path="ASPDemo.csproj" />
  <Project Path="Assembly-CSharp-Editor-firstpass.csproj" />
  <Project Path="Assembly-CSharp.csproj" />
</Solution>
